
Microsoft Visual Studio Solution File, Format Version 12.00
# Visual Studio 15
VisualStudioVersion = 15.0.27703.1
MinimumVisualStudioVersion = 10.0.40219.1
Project("{FAE04EC0-301F-11D3-BF4B-00C04F79EFBC}") = "GuessingGame", "GuessingGame\GuessingGame.csproj", "{6857481B-CB43-4DD9-B864-EB67F971AC52}"
EndProject
Global
	GlobalSection(SolutionConfigurationPlatforms) = preSolution
		Debug|Any CPU = Debug|Any CPU
		Release|Any CPU = Release|Any CPU
	EndGlobalSection
	GlobalSection(ProjectConfigurationPlatforms) = postSolution
		{6857481B-CB43-4DD9-B864-EB67F971AC52}.Debug|Any CPU.ActiveCfg = Debug|Any CPU
		{6857481B-CB43-4DD9-B864-EB67F971AC52}.Debug|Any CPU.Build.0 = Debug|Any CPU
		{6857481B-CB43-4DD9-B864-EB67F971AC52}.Release|Any CPU.ActiveCfg = Release|Any CPU
		{6857481B-CB43-4DD9-B864-EB67F971AC52}.Release|Any CPU.Build.0 = Release|Any CPU
	EndGlobalSection
	GlobalSection(SolutionProperties) = preSolution
		HideSolutionNode = FALSE
	EndGlobalSection
	GlobalSection(ExtensibilityGlobals) = postSolution
		SolutionGuid = {07545D9D-C2D0-4FE0-A726-4C3ADE92047C}
	EndGlobalSection
EndGlobal
